
Microsoft Visual Studio Solution File, Format Version 12.00
# Visual Studio Version 16
VisualStudioVersion = 16.0.31702.278
MinimumVisualStudioVersion = 10.0.40219.1
Project("{FAE04EC0-301F-11D3-BF4B-00C04F79EFBC}") = "WebScraping.Main", "WebScraping.Main\WebScraping.Main.csproj", "{F26F0073-3652-49FF-97EE-CC8EB7E8C6A0}"
EndProject
Project("{FAE04EC0-301F-11D3-BF4B-00C04F79EFBC}") = "Servicos", "Servicos\Servicos.csproj", "{72DCFA0B-0635-4006-B4A6-69AC1B1A00B6}"
EndProject
Global
	GlobalSection(SolutionConfigurationPlatforms) = preSolution
		Debug|Any CPU = Debug|Any CPU
		Release|Any CPU = Release|Any CPU
	EndGlobalSection
	GlobalSection(ProjectConfigurationPlatforms) = postSolution
		{F26F0073-3652-49FF-97EE-CC8EB7E8C6A0}.Debug|Any CPU.ActiveCfg = Debug|Any CPU
		{F26F0073-3652-49FF-97EE-CC8EB7E8C6A0}.Debug|Any CPU.Build.0 = Debug|Any CPU
		{F26F0073-3652-49FF-97EE-CC8EB7E8C6A0}.Release|Any CPU.ActiveCfg = Release|Any CPU
		{F26F0073-3652-49FF-97EE-CC8EB7E8C6A0}.Release|Any CPU.Build.0 = Release|Any CPU
		{72DCFA0B-0635-4006-B4A6-69AC1B1A00B6}.Debug|Any CPU.ActiveCfg = Debug|Any CPU
		{72DCFA0B-0635-4006-B4A6-69AC1B1A00B6}.Debug|Any CPU.Build.0 = Debug|Any CPU
		{72DCFA0B-0635-4006-B4A6-69AC1B1A00B6}.Release|Any CPU.ActiveCfg = Release|Any CPU
		{72DCFA0B-0635-4006-B4A6-69AC1B1A00B6}.Release|Any CPU.Build.0 = Release|Any CPU
	EndGlobalSection
	GlobalSection(SolutionProperties) = preSolution
		HideSolutionNode = FALSE
	EndGlobalSection
	GlobalSection(ExtensibilityGlobals) = postSolution
		SolutionGuid = {6DF46754-8DB6-4E5F-B2B8-4D57A084933F}
	EndGlobalSection
EndGlobal
